
Microsoft Visual Studio Solution File, Format Version 12.00
# Visual Studio Version 17
VisualStudioVersion = 17.14.37012.4
MinimumVisualStudioVersion = 10.0.40219.1
Project("{FAE04EC0-301F-11D3-BF4B-00C04F79EFBC}") = "TechMoveMvcFinal", "TechMoveMvcFinal.csproj", "{295C7633-0EFD-480E-A320-20CB782F0529}"
EndProject
Project("{FAE04EC0-301F-11D3-BF4B-00C04F79EFBC}") = "TechMoveMvcFinal.Tests", "..\TechMoveMvcFinal.Tests\TechMoveMvcFinal.Tests.csproj", "{EAFC74AB-F13F-431A-82DC-B779DF0CDC9D}"
EndProject
Global
	GlobalSection(SolutionConfigurationPlatforms) = preSolution
		Debug|Any CPU = Debug|Any CPU
		Release|Any CPU = Release|Any CPU
	EndGlobalSection
	GlobalSection(ProjectConfigurationPlatforms) = postSolution
		{295C7633-0EFD-480E-A320-20CB782F0529}.Debug|Any CPU.ActiveCfg = Debug|Any CPU
		{295C7633-0EFD-480E-A320-20CB782F0529}.Debug|Any CPU.Build.0 = Debug|Any CPU
		{295C7633-0EFD-480E-A320-20CB782F0529}.Release|Any CPU.ActiveCfg = Release|Any CPU
		{295C7633-0EFD-480E-A320-20CB782F0529}.Release|Any CPU.Build.0 = Release|Any CPU
		{EAFC74AB-F13F-431A-82DC-B779DF0CDC9D}.Debug|Any CPU.ActiveCfg = Debug|Any CPU
		{EAFC74AB-F13F-431A-82DC-B779DF0CDC9D}.Debug|Any CPU.Build.0 = Debug|Any CPU
		{EAFC74AB-F13F-431A-82DC-B779DF0CDC9D}.Release|Any CPU.ActiveCfg = Release|Any CPU
		{EAFC74AB-F13F-431A-82DC-B779DF0CDC9D}.Release|Any CPU.Build.0 = Release|Any CPU
	EndGlobalSection
	GlobalSection(SolutionProperties) = preSolution
		HideSolutionNode = FALSE
	EndGlobalSection
	GlobalSection(ExtensibilityGlobals) = postSolution
		SolutionGuid = {A5B9AF35-8E6C-4908-B627-C747951F3CB6}
	EndGlobalSection
EndGlobal
