
Microsoft Visual Studio Solution File, Format Version 12.00
# Visual Studio Version 17
VisualStudioVersion = 17.14.37012.4
MinimumVisualStudioVersion = 10.0.40219.1
Project("{FAE04EC0-301F-11D3-BF4B-00C04F79EFBC}") = "TechMoveMvcFinal", "TechMoveMvcFinal.csproj", "{295C7633-0EFD-480E-A320-20CB782F0529}"
EndProject
Project("{FAE04EC0-301F-11D3-BF4B-00C04F79EFBC}") = "TechMoveMvcFinal.Tests", "TechMoveMvcFinal.Tests\TechMoveMvcFinal.Tests.csproj", "{B2222A39-E4A4-4F1B-8140-1AB79C0143F4}"
EndProject
Global
	GlobalSection(SolutionConfigurationPlatforms) = preSolution
		Debug|Any CPU = Debug|Any CPU
		Debug|x64 = Debug|x64
		Debug|x86 = Debug|x86
		Release|Any CPU = Release|Any CPU
		Release|x64 = Release|x64
		Release|x86 = Release|x86
	EndGlobalSection
	GlobalSection(ProjectConfigurationPlatforms) = postSolution
		{295C7633-0EFD-480E-A320-20CB782F0529}.Debug|Any CPU.ActiveCfg = Debug|Any CPU
		{295C7633-0EFD-480E-A320-20CB782F0529}.Debug|Any CPU.Build.0 = Debug|Any CPU
		{295C7633-0EFD-480E-A320-20CB782F0529}.Debug|x64.ActiveCfg = Debug|Any CPU
		{295C7633-0EFD-480E-A320-20CB782F0529}.Debug|x64.Build.0 = Debug|Any CPU
		{295C7633-0EFD-480E-A320-20CB782F0529}.Debug|x86.ActiveCfg = Debug|Any CPU
		{295C7633-0EFD-480E-A320-20CB782F0529}.Debug|x86.Build.0 = Debug|Any CPU
		{295C7633-0EFD-480E-A320-20CB782F0529}.Release|Any CPU.ActiveCfg = Release|Any CPU
		{295C7633-0EFD-480E-A320-20CB782F0529}.Release|Any CPU.Build.0 = Release|Any CPU
		{295C7633-0EFD-480E-A320-20CB782F0529}.Release|x64.ActiveCfg = Release|Any CPU
		{295C7633-0EFD-480E-A320-20CB782F0529}.Release|x64.Build.0 = Release|Any CPU
		{295C7633-0EFD-480E-A320-20CB782F0529}.Release|x86.ActiveCfg = Release|Any CPU
		{295C7633-0EFD-480E-A320-20CB782F0529}.Release|x86.Build.0 = Release|Any CPU
		{B2222A39-E4A4-4F1B-8140-1AB79C0143F4}.Debug|Any CPU.ActiveCfg = Debug|Any CPU
		{B2222A39-E4A4-4F1B-8140-1AB79C0143F4}.Debug|Any CPU.Build.0 = Debug|Any CPU
		{B2222A39-E4A4-4F1B-8140-1AB79C0143F4}.Debug|x64.ActiveCfg = Debug|Any CPU
		{B2222A39-E4A4-4F1B-8140-1AB79C0143F4}.Debug|x64.Build.0 = Debug|Any CPU
		{B2222A39-E4A4-4F1B-8140-1AB79C0143F4}.Debug|x86.ActiveCfg = Debug|Any CPU
		{B2222A39-E4A4-4F1B-8140-1AB79C0143F4}.Debug|x86.Build.0 = Debug|Any CPU
		{B2222A39-E4A4-4F1B-8140-1AB79C0143F4}.Release|Any CPU.ActiveCfg = Release|Any CPU
		{B2222A39-E4A4-4F1B-8140-1AB79C0143F4}.Release|Any CPU.Build.0 = Release|Any CPU
		{B2222A39-E4A4-4F1B-8140-1AB79C0143F4}.Release|x64.ActiveCfg = Release|Any CPU
		{B2222A39-E4A4-4F1B-8140-1AB79C0143F4}.Release|x64.Build.0 = Release|Any CPU
		{B2222A39-E4A4-4F1B-8140-1AB79C0143F4}.Release|x86.ActiveCfg = Release|Any CPU
		{B2222A39-E4A4-4F1B-8140-1AB79C0143F4}.Release|x86.Build.0 = Release|Any CPU
	EndGlobalSection
	GlobalSection(SolutionProperties) = preSolution
		HideSolutionNode = FALSE
	EndGlobalSection
	GlobalSection(ExtensibilityGlobals) = postSolution
		SolutionGuid = {A5B9AF35-8E6C-4908-B627-C747951F3CB6}
	EndGlobalSection
EndGlobal
